
Microsoft Visual Studio Solution File, Format Version 12.00
# Visual Studio Version 16
VisualStudioVersion = 16.0.30804.86
MinimumVisualStudioVersion = 10.0.40219.1
Project("{FAE04EC0-301F-11D3-BF4B-00C04F79EFBC}") = "SISOCOVE", "SISOCOVE\SISOCOVE.csproj", "{A05058DD-519B-4DFE-9A24-3CCD405F521C}"
EndProject
Global
	GlobalSection(SolutionConfigurationPlatforms) = preSolution
		Debug|Any CPU = Debug|Any CPU
		Release|Any CPU = Release|Any CPU
	EndGlobalSection
	GlobalSection(ProjectConfigurationPlatforms) = postSolution
		{A05058DD-519B-4DFE-9A24-3CCD405F521C}.Debug|Any CPU.ActiveCfg = Debug|Any CPU
		{A05058DD-519B-4DFE-9A24-3CCD405F521C}.Debug|Any CPU.Build.0 = Debug|Any CPU
		{A05058DD-519B-4DFE-9A24-3CCD405F521C}.Release|Any CPU.ActiveCfg = Release|Any CPU
		{A05058DD-519B-4DFE-9A24-3CCD405F521C}.Release|Any CPU.Build.0 = Release|Any CPU
	EndGlobalSection
	GlobalSection(SolutionProperties) = preSolution
		HideSolutionNode = FALSE
	EndGlobalSection
	GlobalSection(ExtensibilityGlobals) = postSolution
		SolutionGuid = {05408FB0-B723-4E90-B706-CE8B037E1638}
	EndGlobalSection
EndGlobal
